// !$*UTF8*$!
{
	archiveVersion = 1;
	classes = {
	};
	objectVersion = 46;
	objects = {

/* Begin PBXBuildFile section */
		56A785427709C717F9814B35 /* libPods-FilmSearch.a in Frameworks */ = {isa = PBXBuildFile; fileRef = EAB48E7BC665F9503C3B559B /* libPods-FilmSearch.a */; };
		9237FBF31E9D4CD900F74E43 /* UIViewController+MSKeyboard.m in Sources */ = {isa = PBXBuildFile; fileRef = 9237FBF21E9D4CD900F74E43 /* UIViewController+MSKeyboard.m */; };
		9237FBFC1E9D52EB00F74E43 /* FSTabBarController.m in Sources */ = {isa = PBXBuildFile; fileRef = 9237FBFA1E9D514800F74E43 /* FSTabBarController.m */; };
		9237FC031E9D54AC00F74E43 /* UIViewController+MSTop.m in Sources */ = {isa = PBXBuildFile; fileRef = 9237FC021E9D54AC00F74E43 /* UIViewController+MSTop.m */; };
		9237FC081E9D5B7900F74E43 /* FSHistoryViewController.m in Sources */ = {isa = PBXBuildFile; fileRef = 9237FC071E9D5B7900F74E43 /* FSHistoryViewController.m */; };
		9237FC0F1E9D644800F74E43 /* MSThemeManager.m in Sources */ = {isa = PBXBuildFile; fileRef = 9237FC0E1E9D644800F74E43 /* MSThemeManager.m */; };
		9237FC131E9D677400F74E43 /* UIColor+MSTheme.m in Sources */ = {isa = PBXBuildFile; fileRef = 9237FC121E9D677400F74E43 /* UIColor+MSTheme.m */; };
		9237FC161E9D68B800F74E43 /* UIFont+MSTheme.m in Sources */ = {isa = PBXBuildFile; fileRef = 9237FC151E9D68B800F74E43 /* UIFont+MSTheme.m */; };
		9237FC1A1E9D71ED00F74E43 /* FSNavigationController.m in Sources */ = {isa = PBXBuildFile; fileRef = 9237FC191E9D71ED00F74E43 /* FSNavigationController.m */; };
		9237FC1D1E9D735F00F74E43 /* FSSearchViewController.m in Sources */ = {isa = PBXBuildFile; fileRef = 9237FC1C1E9D735F00F74E43 /* FSSearchViewController.m */; };
		9237FC201E9D7AC900F74E43 /* UIImage+MSTheme.m in Sources */ = {isa = PBXBuildFile; fileRef = 9237FC1F1E9D7AC900F74E43 /* UIImage+MSTheme.m */; };
		9237FC241E9D7F7B00F74E43 /* FSBorderedButton.m in Sources */ = {isa = PBXBuildFile; fileRef = 9237FC231E9D7F7B00F74E43 /* FSBorderedButton.m */; };
		923D44931E9BF6BD00F0D227 /* AppDelegate.m in Sources */ = {isa = PBXBuildFile; fileRef = 923D448A1E9BF6BD00F0D227 /* AppDelegate.m */; };
		923D44941E9BF6BD00F0D227 /* Assets.xcassets in Resources */ = {isa = PBXBuildFile; fileRef = 923D448E1E9BF6BD00F0D227 /* Assets.xcassets */; };
		923D44961E9BF6BD00F0D227 /* LaunchScreen.storyboard in Resources */ = {isa = PBXBuildFile; fileRef = 923D44901E9BF6BD00F0D227 /* LaunchScreen.storyboard */; };
		923D44971E9BF6BD00F0D227 /* main.m in Sources */ = {isa = PBXBuildFile; fileRef = 923D44911E9BF6BD00F0D227 /* main.m */; };
		923D44981E9BF6BD00F0D227 /* Main.storyboard in Resources */ = {isa = PBXBuildFile; fileRef = 923D44921E9BF6BD00F0D227 /* Main.storyboard */; };
		923D449F1E9BF85000F0D227 /* FilmSearch.xcdatamodeld in Sources */ = {isa = PBXBuildFile; fileRef = 923D449D1E9BF85000F0D227 /* FilmSearch.xcdatamodeld */; };
		923D44D11E9C017600F0D227 /* Search.storyboard in Resources */ = {isa = PBXBuildFile; fileRef = 923D44D01E9C017600F0D227 /* Search.storyboard */; };
		923D44D31E9C01CF00F0D227 /* History.storyboard in Resources */ = {isa = PBXBuildFile; fileRef = 923D44D21E9C01CF00F0D227 /* History.storyboard */; };
		923D44E01E9C023900F0D227 /* MSRequestManager.m in Sources */ = {isa = PBXBuildFile; fileRef = 923D44D91E9C023900F0D227 /* MSRequestManager.m */; };
		923D44E11E9C023900F0D227 /* MSRequestResponse.m in Sources */ = {isa = PBXBuildFile; fileRef = 923D44DD1E9C023900F0D227 /* MSRequestResponse.m */; };
		923D44E21E9C023900F0D227 /* MSRequestToken.m in Sources */ = {isa = PBXBuildFile; fileRef = 923D44DF1E9C023900F0D227 /* MSRequestToken.m */; };
		923D44EC1E9C031000F0D227 /* MSDataManager+Private.m in Sources */ = {isa = PBXBuildFile; fileRef = 923D44E51E9C031000F0D227 /* MSDataManager+Private.m */; };
		923D44ED1E9C031000F0D227 /* MSDataManager+Setup.m in Sources */ = {isa = PBXBuildFile; fileRef = 923D44E71E9C031000F0D227 /* MSDataManager+Setup.m */; };
		923D44EE1E9C031000F0D227 /* MSDataManager.m in Sources */ = {isa = PBXBuildFile; fileRef = 923D44E91E9C031000F0D227 /* MSDataManager.m */; };
		923D44F31E9C095D00F0D227 /* MSRequestManager+Films.m in Sources */ = {isa = PBXBuildFile; fileRef = 923D44F21E9C095D00F0D227 /* MSRequestManager+Films.m */; };
		923D45101E9C123F00F0D227 /* MSLogger.m in Sources */ = {isa = PBXBuildFile; fileRef = 923D450F1E9C123F00F0D227 /* MSLogger.m */; };
		923D45171E9C17DD00F0D227 /* NSManagedObject+Mapping.m in Sources */ = {isa = PBXBuildFile; fileRef = 923D45161E9C17DD00F0D227 /* NSManagedObject+Mapping.m */; };
		923D45231E9C1CA500F0D227 /* NSString+MS.m in Sources */ = {isa = PBXBuildFile; fileRef = 923D45221E9C1CA500F0D227 /* NSString+MS.m */; };
		923D45261E9C1FD400F0D227 /* FSUserManagedModel.m in Sources */ = {isa = PBXBuildFile; fileRef = 923D45251E9C1FD400F0D227 /* FSUserManagedModel.m */; };
		923D45291E9C20FB00F0D227 /* FSHistoryItemManagedModel.m in Sources */ = {isa = PBXBuildFile; fileRef = 923D45281E9C20FB00F0D227 /* FSHistoryItemManagedModel.m */; };
		923D452C1E9C214700F0D227 /* FSFilmManagedModel.m in Sources */ = {isa = PBXBuildFile; fileRef = 923D452B1E9C214700F0D227 /* FSFilmManagedModel.m */; };
		923D452F1E9C22BD00F0D227 /* FSFilmManagedModel+CoreDataProperties.m in Sources */ = {isa = PBXBuildFile; fileRef = 923D452E1E9C22BD00F0D227 /* FSFilmManagedModel+CoreDataProperties.m */; };
		923D45321E9C286F00F0D227 /* EKMappingBlocks+MS.m in Sources */ = {isa = PBXBuildFile; fileRef = 923D45311E9C286F00F0D227 /* EKMappingBlocks+MS.m */; };
		923D45351E9C294100F0D227 /* EKManagedObjectMapping+MS.m in Sources */ = {isa = PBXBuildFile; fileRef = 923D45341E9C294100F0D227 /* EKManagedObjectMapping+MS.m */; };
/* End PBXBuildFile section */

/* Begin PBXFileReference section */
		22A349788756F1189B2EBD6A /* Pods-FilmSearch.release.xcconfig */ = {isa = PBXFileReference; includeInIndex = 1; lastKnownFileType = text.xcconfig; name = "Pods-FilmSearch.release.xcconfig"; path = "Pods/Target Support Files/Pods-FilmSearch/Pods-FilmSearch.release.xcconfig"; sourceTree = "<group>"; };
		4FB40A8E28B551DF5F9B8E55 /* Pods-FilmSearch.debug.xcconfig */ = {isa = PBXFileReference; includeInIndex = 1; lastKnownFileType = text.xcconfig; name = "Pods-FilmSearch.debug.xcconfig"; path = "Pods/Target Support Files/Pods-FilmSearch/Pods-FilmSearch.debug.xcconfig"; sourceTree = "<group>"; };
		9237FBF11E9D4CD900F74E43 /* UIViewController+MSKeyboard.h */ = {isa = PBXFileReference; fileEncoding = 4; lastKnownFileType = sourcecode.c.h; path = "UIViewController+MSKeyboard.h"; sourceTree = "<group>"; };
		9237FBF21E9D4CD900F74E43 /* UIViewController+MSKeyboard.m */ = {isa = PBXFileReference; fileEncoding = 4; lastKnownFileType = sourcecode.c.objc; path = "UIViewController+MSKeyboard.m"; sourceTree = "<group>"; };
		9237FBF41E9D4FCD00F74E43 /* FSPrefixHeader.pch */ = {isa = PBXFileReference; lastKnownFileType = sourcecode.c.h; path = FSPrefixHeader.pch; sourceTree = "<group>"; };
		9237FBF91E9D514800F74E43 /* FSTabBarController.h */ = {isa = PBXFileReference; fileEncoding = 4; lastKnownFileType = sourcecode.c.h; path = FSTabBarController.h; sourceTree = "<group>"; };
		9237FBFA1E9D514800F74E43 /* FSTabBarController.m */ = {isa = PBXFileReference; fileEncoding = 4; lastKnownFileType = sourcecode.c.objc; path = FSTabBarController.m; sourceTree = "<group>"; };
		9237FBFD1E9D541A00F74E43 /* MSTabBarItemViewControllerProtocol.h */ = {isa = PBXFileReference; lastKnownFileType = sourcecode.c.h; path = MSTabBarItemViewControllerProtocol.h; sourceTree = "<group>"; };
		9237FC011E9D54AC00F74E43 /* UIViewController+MSTop.h */ = {isa = PBXFileReference; fileEncoding = 4; lastKnownFileType = sourcecode.c.h; path = "UIViewController+MSTop.h"; sourceTree = "<group>"; };
		9237FC021E9D54AC00F74E43 /* UIViewController+MSTop.m */ = {isa = PBXFileReference; fileEncoding = 4; lastKnownFileType = sourcecode.c.objc; path = "UIViewController+MSTop.m"; sourceTree = "<group>"; };
		9237FC061E9D5B7900F74E43 /* FSHistoryViewController.h */ = {isa = PBXFileReference; fileEncoding = 4; lastKnownFileType = sourcecode.c.h; path = FSHistoryViewController.h; sourceTree = "<group>"; };
		9237FC071E9D5B7900F74E43 /* FSHistoryViewController.m */ = {isa = PBXFileReference; fileEncoding = 4; lastKnownFileType = sourcecode.c.objc; path = FSHistoryViewController.m; sourceTree = "<group>"; };
		9237FC0D1E9D644800F74E43 /* MSThemeManager.h */ = {isa = PBXFileReference; fileEncoding = 4; lastKnownFileType = sourcecode.c.h; path = MSThemeManager.h; sourceTree = "<group>"; };
		9237FC0E1E9D644800F74E43 /* MSThemeManager.m */ = {isa = PBXFileReference; fileEncoding = 4; lastKnownFileType = sourcecode.c.objc; path = MSThemeManager.m; sourceTree = "<group>"; };
		9237FC111E9D677400F74E43 /* UIColor+MSTheme.h */ = {isa = PBXFileReference; fileEncoding = 4; lastKnownFileType = sourcecode.c.h; path = "UIColor+MSTheme.h"; sourceTree = "<group>"; };
		9237FC121E9D677400F74E43 /* UIColor+MSTheme.m */ = {isa = PBXFileReference; fileEncoding = 4; lastKnownFileType = sourcecode.c.objc; path = "UIColor+MSTheme.m"; sourceTree = "<group>"; };
		9237FC141E9D68B800F74E43 /* UIFont+MSTheme.h */ = {isa = PBXFileReference; fileEncoding = 4; lastKnownFileType = sourcecode.c.h; path = "UIFont+MSTheme.h"; sourceTree = "<group>"; };
		9237FC151E9D68B800F74E43 /* UIFont+MSTheme.m */ = {isa = PBXFileReference; fileEncoding = 4; lastKnownFileType = sourcecode.c.objc; path = "UIFont+MSTheme.m"; sourceTree = "<group>"; };
		9237FC181E9D71ED00F74E43 /* FSNavigationController.h */ = {isa = PBXFileReference; fileEncoding = 4; lastKnownFileType = sourcecode.c.h; path = FSNavigationController.h; sourceTree = "<group>"; };
		9237FC191E9D71ED00F74E43 /* FSNavigationController.m */ = {isa = PBXFileReference; fileEncoding = 4; lastKnownFileType = sourcecode.c.objc; path = FSNavigationController.m; sourceTree = "<group>"; };
		9237FC1B1E9D735F00F74E43 /* FSSearchViewController.h */ = {isa = PBXFileReference; fileEncoding = 4; lastKnownFileType = sourcecode.c.h; path = FSSearchViewController.h; sourceTree = "<group>"; };
		9237FC1C1E9D735F00F74E43 /* FSSearchViewController.m */ = {isa = PBXFileReference; fileEncoding = 4; lastKnownFileType = sourcecode.c.objc; path = FSSearchViewController.m; sourceTree = "<group>"; };
		9237FC1E1E9D7AC900F74E43 /* UIImage+MSTheme.h */ = {isa = PBXFileReference; fileEncoding = 4; lastKnownFileType = sourcecode.c.h; path = "UIImage+MSTheme.h"; sourceTree = "<group>"; };
		9237FC1F1E9D7AC900F74E43 /* UIImage+MSTheme.m */ = {isa = PBXFileReference; fileEncoding = 4; lastKnownFileType = sourcecode.c.objc; path = "UIImage+MSTheme.m"; sourceTree = "<group>"; };
		9237FC221E9D7F7B00F74E43 /* FSBorderedButton.h */ = {isa = PBXFileReference; fileEncoding = 4; lastKnownFileType = sourcecode.c.h; path = FSBorderedButton.h; sourceTree = "<group>"; };
		9237FC231E9D7F7B00F74E43 /* FSBorderedButton.m */ = {isa = PBXFileReference; fileEncoding = 4; lastKnownFileType = sourcecode.c.objc; path = FSBorderedButton.m; sourceTree = "<group>"; };
		923D446D1E9BF5CD00F0D227 /* FilmSearch.app */ = {isa = PBXFileReference; explicitFileType = wrapper.application; includeInIndex = 0; path = FilmSearch.app; sourceTree = BUILT_PRODUCTS_DIR; };
		923D44891E9BF6BD00F0D227 /* AppDelegate.h */ = {isa = PBXFileReference; fileEncoding = 4; lastKnownFileType = sourcecode.c.h; path = AppDelegate.h; sourceTree = "<group>"; };
		923D448A1E9BF6BD00F0D227 /* AppDelegate.m */ = {isa = PBXFileReference; fileEncoding = 4; lastKnownFileType = sourcecode.c.objc; path = AppDelegate.m; sourceTree = "<group>"; };
		923D448E1E9BF6BD00F0D227 /* Assets.xcassets */ = {isa = PBXFileReference; lastKnownFileType = folder.assetcatalog; path = Assets.xcassets; sourceTree = "<group>"; };
		923D448F1E9BF6BD00F0D227 /* Info.plist */ = {isa = PBXFileReference; fileEncoding = 4; lastKnownFileType = text.plist.xml; path = Info.plist; sourceTree = "<group>"; };
		923D44901E9BF6BD00F0D227 /* LaunchScreen.storyboard */ = {isa = PBXFileReference; fileEncoding = 4; lastKnownFileType = file.storyboard; path = LaunchScreen.storyboard; sourceTree = "<group>"; };
		923D44911E9BF6BD00F0D227 /* main.m */ = {isa = PBXFileReference; fileEncoding = 4; lastKnownFileType = sourcecode.c.objc; path = main.m; sourceTree = "<group>"; };
		923D44921E9BF6BD00F0D227 /* Main.storyboard */ = {isa = PBXFileReference; fileEncoding = 4; lastKnownFileType = file.storyboard; path = Main.storyboard; sourceTree = "<group>"; };
		923D449E1E9BF85000F0D227 /* FilmSearch.xcdatamodel */ = {isa = PBXFileReference; lastKnownFileType = wrapper.xcdatamodel; path = FilmSearch.xcdatamodel; sourceTree = "<group>"; };
		923D44D01E9C017600F0D227 /* Search.storyboard */ = {isa = PBXFileReference; fileEncoding = 4; lastKnownFileType = file.storyboard; path = Search.storyboard; sourceTree = "<group>"; };
		923D44D21E9C01CF00F0D227 /* History.storyboard */ = {isa = PBXFileReference; fileEncoding = 4; lastKnownFileType = file.storyboard; path = History.storyboard; sourceTree = "<group>"; };
		923D44D71E9C023900F0D227 /* MSRequestManager+Private.h */ = {isa = PBXFileReference; fileEncoding = 4; lastKnownFileType = sourcecode.c.h; path = "MSRequestManager+Private.h"; sourceTree = "<group>"; };
		923D44D81E9C023900F0D227 /* MSRequestManager.h */ = {isa = PBXFileReference; fileEncoding = 4; lastKnownFileType = sourcecode.c.h; path = MSRequestManager.h; sourceTree = "<group>"; };
		923D44D91E9C023900F0D227 /* MSRequestManager.m */ = {isa = PBXFileReference; fileEncoding = 4; lastKnownFileType = sourcecode.c.objc; path = MSRequestManager.m; sourceTree = "<group>"; };
		923D44DA1E9C023900F0D227 /* MSRequestManagerConstants.h */ = {isa = PBXFileReference; fileEncoding = 4; lastKnownFileType = sourcecode.c.h; path = MSRequestManagerConstants.h; sourceTree = "<group>"; };
		923D44DB1E9C023900F0D227 /* MSRequestManagerProtocols.h */ = {isa = PBXFileReference; fileEncoding = 4; lastKnownFileType = sourcecode.c.h; path = MSRequestManagerProtocols.h; sourceTree = "<group>"; };
		923D44DC1E9C023900F0D227 /* MSRequestResponse.h */ = {isa = PBXFileReference; fileEncoding = 4; lastKnownFileType = sourcecode.c.h; path = MSRequestResponse.h; sourceTree = "<group>"; };
		923D44DD1E9C023900F0D227 /* MSRequestResponse.m */ = {isa = PBXFileReference; fileEncoding = 4; lastKnownFileType = sourcecode.c.objc; path = MSRequestResponse.m; sourceTree = "<group>"; };
		923D44DE1E9C023900F0D227 /* MSRequestToken.h */ = {isa = PBXFileReference; fileEncoding = 4; lastKnownFileType = sourcecode.c.h; path = MSRequestToken.h; sourceTree = "<group>"; };
		923D44DF1E9C023900F0D227 /* MSRequestToken.m */ = {isa = PBXFileReference; fileEncoding = 4; lastKnownFileType = sourcecode.c.objc; path = MSRequestToken.m; sourceTree = "<group>"; };
		923D44E41E9C031000F0D227 /* MSDataManager+Private.h */ = {isa = PBXFileReference; fileEncoding = 4; lastKnownFileType = sourcecode.c.h; path = "MSDataManager+Private.h"; sourceTree = "<group>"; };
		923D44E51E9C031000F0D227 /* MSDataManager+Private.m */ = {isa = PBXFileReference; fileEncoding = 4; lastKnownFileType = sourcecode.c.objc; path = "MSDataManager+Private.m"; sourceTree = "<group>"; };
		923D44E61E9C031000F0D227 /* MSDataManager+Setup.h */ = {isa = PBXFileReference; fileEncoding = 4; lastKnownFileType = sourcecode.c.h; path = "MSDataManager+Setup.h"; sourceTree = "<group>"; };
		923D44E71E9C031000F0D227 /* MSDataManager+Setup.m */ = {isa = PBXFileReference; fileEncoding = 4; lastKnownFileType = sourcecode.c.objc; path = "MSDataManager+Setup.m"; sourceTree = "<group>"; };
		923D44E81E9C031000F0D227 /* MSDataManager.h */ = {isa = PBXFileReference; fileEncoding = 4; lastKnownFileType = sourcecode.c.h; path = MSDataManager.h; sourceTree = "<group>"; };
		923D44E91E9C031000F0D227 /* MSDataManager.m */ = {isa = PBXFileReference; fileEncoding = 4; lastKnownFileType = sourcecode.c.objc; path = MSDataManager.m; sourceTree = "<group>"; };
		923D44EA1E9C031000F0D227 /* MSDataManagerConstants.h */ = {isa = PBXFileReference; fileEncoding = 4; lastKnownFileType = sourcecode.c.h; path = MSDataManagerConstants.h; sourceTree = "<group>"; };
		923D44EB1E9C031000F0D227 /* MSDataManagerProtocols.h */ = {isa = PBXFileReference; fileEncoding = 4; lastKnownFileType = sourcecode.c.h; path = MSDataManagerProtocols.h; sourceTree = "<group>"; };
		923D44F11E9C095D00F0D227 /* MSRequestManager+Films.h */ = {isa = PBXFileReference; fileEncoding = 4; lastKnownFileType = sourcecode.c.h; path = "MSRequestManager+Films.h"; sourceTree = "<group>"; };
		923D44F21E9C095D00F0D227 /* MSRequestManager+Films.m */ = {isa = PBXFileReference; fileEncoding = 4; lastKnownFileType = sourcecode.c.objc; path = "MSRequestManager+Films.m"; sourceTree = "<group>"; };
		923D45031E9C0FEF00F0D227 /* FSHistoryItemManagedModel+CoreDataProperties.h */ = {isa = PBXFileReference; fileEncoding = 4; lastKnownFileType = sourcecode.c.h; path = "FSHistoryItemManagedModel+CoreDataProperties.h"; sourceTree = "<group>"; };
		923D45041E9C0FEF00F0D227 /* FSHistoryItemManagedModel+CoreDataProperties.m */ = {isa = PBXFileReference; fileEncoding = 4; lastKnownFileType = sourcecode.c.objc; path = "FSHistoryItemManagedModel+CoreDataProperties.m"; sourceTree = "<group>"; };
		923D450A1E9C11F000F0D227 /* MSLoggerDefines.h */ = {isa = PBXFileReference; fileEncoding = 4; lastKnownFileType = sourcecode.c.h; path = MSLoggerDefines.h; sourceTree = "<group>"; };
		923D450E1E9C123F00F0D227 /* MSLogger.h */ = {isa = PBXFileReference; fileEncoding = 4; lastKnownFileType = sourcecode.c.h; path = MSLogger.h; sourceTree = "<group>"; };
		923D450F1E9C123F00F0D227 /* MSLogger.m */ = {isa = PBXFileReference; fileEncoding = 4; lastKnownFileType = sourcecode.c.objc; path = MSLogger.m; sourceTree = "<group>"; };
		923D45121E9C14D800F0D227 /* FSUserManagedModelKeys.h */ = {isa = PBXFileReference; lastKnownFileType = sourcecode.c.h; path = FSUserManagedModelKeys.h; sourceTree = "<group>"; };
		923D45131E9C156800F0D227 /* FSHistoryItemManagedModelKeys.h */ = {isa = PBXFileReference; lastKnownFileType = sourcecode.c.h; path = FSHistoryItemManagedModelKeys.h; sourceTree = "<group>"; };
		923D45141E9C15B900F0D227 /* FSFilmManagedModelKeys.h */ = {isa = PBXFileReference; lastKnownFileType = sourcecode.c.h; path = FSFilmManagedModelKeys.h; sourceTree = "<group>"; };
		923D45151E9C17DD00F0D227 /* NSManagedObject+Mapping.h */ = {isa = PBXFileReference; fileEncoding = 4; lastKnownFileType = sourcecode.c.h; path = "NSManagedObject+Mapping.h"; sourceTree = "<group>"; };
		923D45161E9C17DD00F0D227 /* NSManagedObject+Mapping.m */ = {isa = PBXFileReference; fileEncoding = 4; lastKnownFileType = sourcecode.c.objc; path = "NSManagedObject+Mapping.m"; sourceTree = "<group>"; };
		923D451A1E9C1BEE00F0D227 /* FSUserManagedModel+CoreDataProperties.h */ = {isa = PBXFileReference; fileEncoding = 4; lastKnownFileType = sourcecode.c.h; path = "FSUserManagedModel+CoreDataProperties.h"; sourceTree = "<group>"; };
		923D451B1E9C1BEE00F0D227 /* FSUserManagedModel+CoreDataProperties.m */ = {isa = PBXFileReference; fileEncoding = 4; lastKnownFileType = sourcecode.c.objc; path = "FSUserManagedModel+CoreDataProperties.m"; sourceTree = "<group>"; };
		923D45211E9C1CA500F0D227 /* NSString+MS.h */ = {isa = PBXFileReference; fileEncoding = 4; lastKnownFileType = sourcecode.c.h; path = "NSString+MS.h"; sourceTree = "<group>"; };
		923D45221E9C1CA500F0D227 /* NSString+MS.m */ = {isa = PBXFileReference; fileEncoding = 4; lastKnownFileType = sourcecode.c.objc; path = "NSString+MS.m"; sourceTree = "<group>"; };
		923D45241E9C1FD400F0D227 /* FSUserManagedModel.h */ = {isa = PBXFileReference; fileEncoding = 4; lastKnownFileType = sourcecode.c.h; path = FSUserManagedModel.h; sourceTree = "<group>"; };
		923D45251E9C1FD400F0D227 /* FSUserManagedModel.m */ = {isa = PBXFileReference; fileEncoding = 4; lastKnownFileType = sourcecode.c.objc; path = FSUserManagedModel.m; sourceTree = "<group>"; };
		923D45271E9C20FB00F0D227 /* FSHistoryItemManagedModel.h */ = {isa = PBXFileReference; fileEncoding = 4; lastKnownFileType = sourcecode.c.h; path = FSHistoryItemManagedModel.h; sourceTree = "<group>"; };
		923D45281E9C20FB00F0D227 /* FSHistoryItemManagedModel.m */ = {isa = PBXFileReference; fileEncoding = 4; lastKnownFileType = sourcecode.c.objc; path = FSHistoryItemManagedModel.m; sourceTree = "<group>"; };
		923D452A1E9C214700F0D227 /* FSFilmManagedModel.h */ = {isa = PBXFileReference; fileEncoding = 4; lastKnownFileType = sourcecode.c.h; path = FSFilmManagedModel.h; sourceTree = "<group>"; };
		923D452B1E9C214700F0D227 /* FSFilmManagedModel.m */ = {isa = PBXFileReference; fileEncoding = 4; lastKnownFileType = sourcecode.c.objc; path = FSFilmManagedModel.m; sourceTree = "<group>"; };
		923D452D1E9C22BD00F0D227 /* FSFilmManagedModel+CoreDataProperties.h */ = {isa = PBXFileReference; fileEncoding = 4; lastKnownFileType = sourcecode.c.h; path = "FSFilmManagedModel+CoreDataProperties.h"; sourceTree = "<group>"; };
		923D452E1E9C22BD00F0D227 /* FSFilmManagedModel+CoreDataProperties.m */ = {isa = PBXFileReference; fileEncoding = 4; lastKnownFileType = sourcecode.c.objc; path = "FSFilmManagedModel+CoreDataProperties.m"; sourceTree = "<group>"; };
		923D45301E9C286F00F0D227 /* EKMappingBlocks+MS.h */ = {isa = PBXFileReference; fileEncoding = 4; lastKnownFileType = sourcecode.c.h; path = "EKMappingBlocks+MS.h"; sourceTree = "<group>"; };
		923D45311E9C286F00F0D227 /* EKMappingBlocks+MS.m */ = {isa = PBXFileReference; fileEncoding = 4; lastKnownFileType = sourcecode.c.objc; path = "EKMappingBlocks+MS.m"; sourceTree = "<group>"; };
		923D45331E9C294100F0D227 /* EKManagedObjectMapping+MS.h */ = {isa = PBXFileReference; fileEncoding = 4; lastKnownFileType = sourcecode.c.h; path = "EKManagedObjectMapping+MS.h"; sourceTree = "<group>"; };
		923D45341E9C294100F0D227 /* EKManagedObjectMapping+MS.m */ = {isa = PBXFileReference; fileEncoding = 4; lastKnownFileType = sourcecode.c.objc; path = "EKManagedObjectMapping+MS.m"; sourceTree = "<group>"; };
		EAB48E7BC665F9503C3B559B /* libPods-FilmSearch.a */ = {isa = PBXFileReference; explicitFileType = archive.ar; includeInIndex = 0; path = "libPods-FilmSearch.a"; sourceTree = BUILT_PRODUCTS_DIR; };
/* End PBXFileReference section */

/* Begin PBXFrameworksBuildPhase section */
		923D446A1E9BF5CD00F0D227 /* Frameworks */ = {
			isa = PBXFrameworksBuildPhase;
			buildActionMask = 2147483647;
			files = (
				56A785427709C717F9814B35 /* libPods-FilmSearch.a in Frameworks */,
			);
			runOnlyForDeploymentPostprocessing = 0;
		};
/* End PBXFrameworksBuildPhase section */

/* Begin PBXGroup section */
		2DCA2BAD785C999460CD9870 /* Frameworks */ = {
			isa = PBXGroup;
			children = (
				EAB48E7BC665F9503C3B559B /* libPods-FilmSearch.a */,
			);
			name = Frameworks;
			sourceTree = "<group>";
		};
		9237FBF01E9D4B4D00F74E43 /* ViewControllers */ = {
			isa = PBXGroup;
			children = (
				9237FC1B1E9D735F00F74E43 /* FSSearchViewController.h */,
				9237FC1C1E9D735F00F74E43 /* FSSearchViewController.m */,
				9237FC061E9D5B7900F74E43 /* FSHistoryViewController.h */,
				9237FC071E9D5B7900F74E43 /* FSHistoryViewController.m */,
			);
			path = ViewControllers;
			sourceTree = "<group>";
		};
		9237FBF81E9D512D00F74E43 /* TabBarController */ = {
			isa = PBXGroup;
			children = (
				9237FBFD1E9D541A00F74E43 /* MSTabBarItemViewControllerProtocol.h */,
				9237FBF91E9D514800F74E43 /* FSTabBarController.h */,
				9237FBFA1E9D514800F74E43 /* FSTabBarController.m */,
			);
			path = TabBarController;
			sourceTree = "<group>";
		};
		9237FC0C1E9D643500F74E43 /* ThemeManager */ = {
			isa = PBXGroup;
			children = (
				9237FC111E9D677400F74E43 /* UIColor+MSTheme.h */,
				9237FC121E9D677400F74E43 /* UIColor+MSTheme.m */,
				9237FC141E9D68B800F74E43 /* UIFont+MSTheme.h */,
				9237FC151E9D68B800F74E43 /* UIFont+MSTheme.m */,
				9237FC1E1E9D7AC900F74E43 /* UIImage+MSTheme.h */,
				9237FC1F1E9D7AC900F74E43 /* UIImage+MSTheme.m */,
				9237FC0D1E9D644800F74E43 /* MSThemeManager.h */,
				9237FC0E1E9D644800F74E43 /* MSThemeManager.m */,
			);
			path = ThemeManager;
			sourceTree = "<group>";
		};
		9237FC171E9D71D300F74E43 /* NavigationController */ = {
			isa = PBXGroup;
			children = (
				9237FC181E9D71ED00F74E43 /* FSNavigationController.h */,
				9237FC191E9D71ED00F74E43 /* FSNavigationController.m */,
			);
			path = NavigationController;
			sourceTree = "<group>";
		};
		9237FC211E9D7F3100F74E43 /* Controls */ = {
			isa = PBXGroup;
			children = (
				9237FC221E9D7F7B00F74E43 /* FSBorderedButton.h */,
				9237FC231E9D7F7B00F74E43 /* FSBorderedButton.m */,
			);
			path = Controls;
			sourceTree = "<group>";
		};
		923D44641E9BF5CD00F0D227 = {
			isa = PBXGroup;
			children = (
				923D44871E9BF6BD00F0D227 /* FilmSearch */,
				923D446E1E9BF5CD00F0D227 /* Products */,
				E880B4D06959015A5827D783 /* Pods */,
				2DCA2BAD785C999460CD9870 /* Frameworks */,
			);
			sourceTree = "<group>";
		};
		923D446E1E9BF5CD00F0D227 /* Products */ = {
			isa = PBXGroup;
			children = (
				923D446D1E9BF5CD00F0D227 /* FilmSearch.app */,
			);
			name = Products;
			sourceTree = "<group>";
		};
		923D44871E9BF6BD00F0D227 /* FilmSearch */ = {
			isa = PBXGroup;
			children = (
				923D44991E9BF7E000F0D227 /* Core */,
				923D44881E9BF6BD00F0D227 /* AppDelegate */,
				923D448B1E9BF6BD00F0D227 /* Source */,
				923D448D1E9BF6BD00F0D227 /* SupportingFiles */,
			);
			path = FilmSearch;
			sourceTree = "<group>";
		};
		923D44881E9BF6BD00F0D227 /* AppDelegate */ = {
			isa = PBXGroup;
			children = (
				923D44891E9BF6BD00F0D227 /* AppDelegate.h */,
				923D448A1E9BF6BD00F0D227 /* AppDelegate.m */,
			);
			path = AppDelegate;
			sourceTree = "<group>";
		};
		923D448B1E9BF6BD00F0D227 /* Source */ = {
			isa = PBXGroup;
			children = (
				923D449B1E9BF80400F0D227 /* Managers */,
				923D45091E9C11F000F0D227 /* Logger */,
				923D44CF1E9C013900F0D227 /* Storyboards */,
				9237FC171E9D71D300F74E43 /* NavigationController */,
				9237FBF81E9D512D00F74E43 /* TabBarController */,
				9237FBF01E9D4B4D00F74E43 /* ViewControllers */,
				9237FC211E9D7F3100F74E43 /* Controls */,
			);
			path = Source;
			sourceTree = "<group>";
		};
		923D448D1E9BF6BD00F0D227 /* SupportingFiles */ = {
			isa = PBXGroup;
			children = (
				923D448E1E9BF6BD00F0D227 /* Assets.xcassets */,
				923D448F1E9BF6BD00F0D227 /* Info.plist */,
				923D44901E9BF6BD00F0D227 /* LaunchScreen.storyboard */,
				923D44911E9BF6BD00F0D227 /* main.m */,
				923D44921E9BF6BD00F0D227 /* Main.storyboard */,
				9237FBF41E9D4FCD00F74E43 /* FSPrefixHeader.pch */,
			);
			path = SupportingFiles;
			sourceTree = "<group>";
		};
		923D44991E9BF7E000F0D227 /* Core */ = {
			isa = PBXGroup;
			children = (
				923D45111E9C140100F0D227 /* Categories */,
				923D449A1E9BF7E000F0D227 /* CoreData */,
			);
			path = Core;
			sourceTree = "<group>";
		};
		923D449A1E9BF7E000F0D227 /* CoreData */ = {
			isa = PBXGroup;
			children = (
				923D449D1E9BF85000F0D227 /* FilmSearch.xcdatamodeld */,
				923D449C1E9BF83900F0D227 /* Models */,
			);
			path = CoreData;
			sourceTree = "<group>";
		};
		923D449B1E9BF80400F0D227 /* Managers */ = {
			isa = PBXGroup;
			children = (
				9237FC0C1E9D643500F74E43 /* ThemeManager */,
				923D44E31E9C031000F0D227 /* DataManager */,
				923D44D61E9C023900F0D227 /* RequestManager */,
			);
			path = Managers;
			sourceTree = "<group>";
		};
		923D449C1E9BF83900F0D227 /* Models */ = {
			isa = PBXGroup;
			children = (
				923D44A01E9BF87900F0D227 /* FSUserManagedModel */,
				923D44F41E9C0F7600F0D227 /* FSHistoryItemManagedModel */,
				923D44A11E9BFD6D00F0D227 /* FSFilmManagedModel */,
			);
			path = Models;
			sourceTree = "<group>";
		};
		923D44A01E9BF87900F0D227 /* FSUserManagedModel */ = {
			isa = PBXGroup;
			children = (
				923D45121E9C14D800F0D227 /* FSUserManagedModelKeys.h */,
				923D451A1E9C1BEE00F0D227 /* FSUserManagedModel+CoreDataProperties.h */,
				923D451B1E9C1BEE00F0D227 /* FSUserManagedModel+CoreDataProperties.m */,
				923D45241E9C1FD400F0D227 /* FSUserManagedModel.h */,
				923D45251E9C1FD400F0D227 /* FSUserManagedModel.m */,
			);
			path = FSUserManagedModel;
			sourceTree = "<group>";
		};
		923D44A11E9BFD6D00F0D227 /* FSFilmManagedModel */ = {
			isa = PBXGroup;
			children = (
				923D45141E9C15B900F0D227 /* FSFilmManagedModelKeys.h */,
				923D452D1E9C22BD00F0D227 /* FSFilmManagedModel+CoreDataProperties.h */,
				923D452E1E9C22BD00F0D227 /* FSFilmManagedModel+CoreDataProperties.m */,
				923D452A1E9C214700F0D227 /* FSFilmManagedModel.h */,
				923D452B1E9C214700F0D227 /* FSFilmManagedModel.m */,
			);
			path = FSFilmManagedModel;
			sourceTree = "<group>";
		};
		923D44CF1E9C013900F0D227 /* Storyboards */ = {
			isa = PBXGroup;
			children = (
				923D44D01E9C017600F0D227 /* Search.storyboard */,
				923D44D21E9C01CF00F0D227 /* History.storyboard */,
			);
			path = Storyboards;
			sourceTree = "<group>";
		};
		923D44D61E9C023900F0D227 /* RequestManager */ = {
			isa = PBXGroup;
			children = (
				923D44DA1E9C023900F0D227 /* MSRequestManagerConstants.h */,
				923D44DB1E9C023900F0D227 /* MSRequestManagerProtocols.h */,
				923D44D71E9C023900F0D227 /* MSRequestManager+Private.h */,
				923D44D81E9C023900F0D227 /* MSRequestManager.h */,
				923D44D91E9C023900F0D227 /* MSRequestManager.m */,
				923D44F11E9C095D00F0D227 /* MSRequestManager+Films.h */,
				923D44F21E9C095D00F0D227 /* MSRequestManager+Films.m */,
				923D44DC1E9C023900F0D227 /* MSRequestResponse.h */,
				923D44DD1E9C023900F0D227 /* MSRequestResponse.m */,
				923D44DE1E9C023900F0D227 /* MSRequestToken.h */,
				923D44DF1E9C023900F0D227 /* MSRequestToken.m */,
			);
			path = RequestManager;
			sourceTree = "<group>";
		};
		923D44E31E9C031000F0D227 /* DataManager */ = {
			isa = PBXGroup;
			children = (
				923D44EA1E9C031000F0D227 /* MSDataManagerConstants.h */,
				923D44EB1E9C031000F0D227 /* MSDataManagerProtocols.h */,
				923D44E41E9C031000F0D227 /* MSDataManager+Private.h */,
				923D44E51E9C031000F0D227 /* MSDataManager+Private.m */,
				923D44E61E9C031000F0D227 /* MSDataManager+Setup.h */,
				923D44E71E9C031000F0D227 /* MSDataManager+Setup.m */,
				923D44E81E9C031000F0D227 /* MSDataManager.h */,
				923D44E91E9C031000F0D227 /* MSDataManager.m */,
			);
			path = DataManager;
			sourceTree = "<group>";
		};
		923D44F41E9C0F7600F0D227 /* FSHistoryItemManagedModel */ = {
			isa = PBXGroup;
			children = (
				923D45131E9C156800F0D227 /* FSHistoryItemManagedModelKeys.h */,
				923D45031E9C0FEF00F0D227 /* FSHistoryItemManagedModel+CoreDataProperties.h */,
				923D45041E9C0FEF00F0D227 /* FSHistoryItemManagedModel+CoreDataProperties.m */,
				923D45271E9C20FB00F0D227 /* FSHistoryItemManagedModel.h */,
				923D45281E9C20FB00F0D227 /* FSHistoryItemManagedModel.m */,
			);
			path = FSHistoryItemManagedModel;
			sourceTree = "<group>";
		};
		923D45091E9C11F000F0D227 /* Logger */ = {
			isa = PBXGroup;
			children = (
				923D450A1E9C11F000F0D227 /* MSLoggerDefines.h */,
				923D450E1E9C123F00F0D227 /* MSLogger.h */,
				923D450F1E9C123F00F0D227 /* MSLogger.m */,
			);
			path = Logger;
			sourceTree = "<group>";
		};
		923D45111E9C140100F0D227 /* Categories */ = {
			isa = PBXGroup;
			children = (
				923D45151E9C17DD00F0D227 /* NSManagedObject+Mapping.h */,
				923D45161E9C17DD00F0D227 /* NSManagedObject+Mapping.m */,
				923D45211E9C1CA500F0D227 /* NSString+MS.h */,
				923D45221E9C1CA500F0D227 /* NSString+MS.m */,
				923D45301E9C286F00F0D227 /* EKMappingBlocks+MS.h */,
				923D45311E9C286F00F0D227 /* EKMappingBlocks+MS.m */,
				923D45331E9C294100F0D227 /* EKManagedObjectMapping+MS.h */,
				923D45341E9C294100F0D227 /* EKManagedObjectMapping+MS.m */,
				9237FBF11E9D4CD900F74E43 /* UIViewController+MSKeyboard.h */,
				9237FBF21E9D4CD900F74E43 /* UIViewController+MSKeyboard.m */,
				9237FC011E9D54AC00F74E43 /* UIViewController+MSTop.h */,
				9237FC021E9D54AC00F74E43 /* UIViewController+MSTop.m */,
			);
			path = Categories;
			sourceTree = "<group>";
		};
		E880B4D06959015A5827D783 /* Pods */ = {
			isa = PBXGroup;
			children = (
				4FB40A8E28B551DF5F9B8E55 /* Pods-FilmSearch.debug.xcconfig */,
				22A349788756F1189B2EBD6A /* Pods-FilmSearch.release.xcconfig */,
			);
			name = Pods;
			sourceTree = "<group>";
		};
/* End PBXGroup section */

/* Begin PBXNativeTarget section */
		923D446C1E9BF5CD00F0D227 /* FilmSearch */ = {
			isa = PBXNativeTarget;
			buildConfigurationList = 923D44841E9BF5CD00F0D227 /* Build configuration list for PBXNativeTarget "FilmSearch" */;
			buildPhases = (
				B39FE148FD274332305B5812 /* [CP] Check Pods Manifest.lock */,
				923D44691E9BF5CD00F0D227 /* Sources */,
				923D446A1E9BF5CD00F0D227 /* Frameworks */,
				923D446B1E9BF5CD00F0D227 /* Resources */,
				257B53CDF033EA45BDACC1AD /* [CP] Embed Pods Frameworks */,
				DE2E1153C2338EF0A1346777 /* [CP] Copy Pods Resources */,
			);
			buildRules = (
			);
			dependencies = (
			);
			name = FilmSearch;
			productName = FilmSearch;
			productReference = 923D446D1E9BF5CD00F0D227 /* FilmSearch.app */;
			productType = "com.apple.product-type.application";
		};
/* End PBXNativeTarget section */

/* Begin PBXProject section */
		923D44651E9BF5CD00F0D227 /* Project object */ = {
			isa = PBXProject;
			attributes = {
				LastUpgradeCheck = 0830;
				ORGANIZATIONNAME = "Maksym Savisko";
				TargetAttributes = {
					923D446C1E9BF5CD00F0D227 = {
						CreatedOnToolsVersion = 8.3.1;
						DevelopmentTeam = 4KQC9K68AM;
						LastSwiftMigration = 0830;
						ProvisioningStyle = Automatic;
					};
				};
			};
			buildConfigurationList = 923D44681E9BF5CD00F0D227 /* Build configuration list for PBXProject "FilmSearch" */;
			compatibilityVersion = "Xcode 3.2";
			developmentRegion = English;
			hasScannedForEncodings = 0;
			knownRegions = (
				en,
				Base,
			);
			mainGroup = 923D44641E9BF5CD00F0D227;
			productRefGroup = 923D446E1E9BF5CD00F0D227 /* Products */;
			projectDirPath = "";
			projectRoot = "";
			targets = (
				923D446C1E9BF5CD00F0D227 /* FilmSearch */,
			);
		};
/* End PBXProject section */

/* Begin PBXResourcesBuildPhase section */
		923D446B1E9BF5CD00F0D227 /* Resources */ = {
			isa = PBXResourcesBuildPhase;
			buildActionMask = 2147483647;
			files = (
				923D44961E9BF6BD00F0D227 /* LaunchScreen.storyboard in Resources */,
				923D44941E9BF6BD00F0D227 /* Assets.xcassets in Resources */,
				923D44D11E9C017600F0D227 /* Search.storyboard in Resources */,
				923D44D31E9C01CF00F0D227 /* History.storyboard in Resources */,
				923D44981E9BF6BD00F0D227 /* Main.storyboard in Resources */,
			);
			runOnlyForDeploymentPostprocessing = 0;
		};
/* End PBXResourcesBuildPhase section */

/* Begin PBXShellScriptBuildPhase section */
		257B53CDF033EA45BDACC1AD /* [CP] Embed Pods Frameworks */ = {
			isa = PBXShellScriptBuildPhase;
			buildActionMask = 2147483647;
			files = (
			);
			inputPaths = (
			);
			name = "[CP] Embed Pods Frameworks";
			outputPaths = (
			);
			runOnlyForDeploymentPostprocessing = 0;
			shellPath = /bin/sh;
			shellScript = "\"${SRCROOT}/Pods/Target Support Files/Pods-FilmSearch/Pods-FilmSearch-frameworks.sh\"\n";
			showEnvVarsInLog = 0;
		};
		B39FE148FD274332305B5812 /* [CP] Check Pods Manifest.lock */ = {
			isa = PBXShellScriptBuildPhase;
			buildActionMask = 2147483647;
			files = (
			);
			inputPaths = (
			);
			name = "[CP] Check Pods Manifest.lock";
			outputPaths = (
			);
			runOnlyForDeploymentPostprocessing = 0;
			shellPath = /bin/sh;
			shellScript = "diff \"${PODS_ROOT}/../Podfile.lock\" \"${PODS_ROOT}/Manifest.lock\" > /dev/null\nif [ $? != 0 ] ; then\n    # print error to STDERR\n    echo \"error: The sandbox is not in sync with the Podfile.lock. Run 'pod install' or update your CocoaPods installation.\" >&2\n    exit 1\nfi\n";
			showEnvVarsInLog = 0;
		};
		DE2E1153C2338EF0A1346777 /* [CP] Copy Pods Resources */ = {
			isa = PBXShellScriptBuildPhase;
			buildActionMask = 2147483647;
			files = (
			);
			inputPaths = (
			);
			name = "[CP] Copy Pods Resources";
			outputPaths = (
			);
			runOnlyForDeploymentPostprocessing = 0;
			shellPath = /bin/sh;
			shellScript = "\"${SRCROOT}/Pods/Target Support Files/Pods-FilmSearch/Pods-FilmSearch-resources.sh\"\n";
			showEnvVarsInLog = 0;
		};
/* End PBXShellScriptBuildPhase section */

/* Begin PBXSourcesBuildPhase section */
		923D44691E9BF5CD00F0D227 /* Sources */ = {
			isa = PBXSourcesBuildPhase;
			buildActionMask = 2147483647;
			files = (
				923D44E11E9C023900F0D227 /* MSRequestResponse.m in Sources */,
				9237FC241E9D7F7B00F74E43 /* FSBorderedButton.m in Sources */,
				9237FC0F1E9D644800F74E43 /* MSThemeManager.m in Sources */,
				923D45261E9C1FD400F0D227 /* FSUserManagedModel.m in Sources */,
				923D44ED1E9C031000F0D227 /* MSDataManager+Setup.m in Sources */,
				923D44E21E9C023900F0D227 /* MSRequestToken.m in Sources */,
				923D45231E9C1CA500F0D227 /* NSString+MS.m in Sources */,
				9237FBF31E9D4CD900F74E43 /* UIViewController+MSKeyboard.m in Sources */,
				923D449F1E9BF85000F0D227 /* FilmSearch.xcdatamodeld in Sources */,
				923D45321E9C286F00F0D227 /* EKMappingBlocks+MS.m in Sources */,
				923D44EC1E9C031000F0D227 /* MSDataManager+Private.m in Sources */,
				923D44F31E9C095D00F0D227 /* MSRequestManager+Films.m in Sources */,
				9237FC081E9D5B7900F74E43 /* FSHistoryViewController.m in Sources */,
				9237FC031E9D54AC00F74E43 /* UIViewController+MSTop.m in Sources */,
				9237FC201E9D7AC900F74E43 /* UIImage+MSTheme.m in Sources */,
				923D44E01E9C023900F0D227 /* MSRequestManager.m in Sources */,
				9237FC1A1E9D71ED00F74E43 /* FSNavigationController.m in Sources */,
				923D44EE1E9C031000F0D227 /* MSDataManager.m in Sources */,
				923D45171E9C17DD00F0D227 /* NSManagedObject+Mapping.m in Sources */,
				9237FC1D1E9D735F00F74E43 /* FSSearchViewController.m in Sources */,
				923D44971E9BF6BD00F0D227 /* main.m in Sources */,
				923D45351E9C294100F0D227 /* EKManagedObjectMapping+MS.m in Sources */,
				9237FC131E9D677400F74E43 /* UIColor+MSTheme.m in Sources */,
				923D44931E9BF6BD00F0D227 /* AppDelegate.m in Sources */,
				923D45291E9C20FB00F0D227 /* FSHistoryItemManagedModel.m in Sources */,
				9237FBFC1E9D52EB00F74E43 /* FSTabBarController.m in Sources */,
				923D452F1E9C22BD00F0D227 /* FSFilmManagedModel+CoreDataProperties.m in Sources */,
				923D452C1E9C214700F0D227 /* FSFilmManagedModel.m in Sources */,
				9237FC161E9D68B800F74E43 /* UIFont+MSTheme.m in Sources */,
				923D45101E9C123F00F0D227 /* MSLogger.m in Sources */,
			);
			runOnlyForDeploymentPostprocessing = 0;
		};
/* End PBXSourcesBuildPhase section */

/* Begin XCBuildConfiguration section */
		923D44821E9BF5CD00F0D227 /* Debug */ = {
			isa = XCBuildConfiguration;
			buildSettings = {
				ALWAYS_SEARCH_USER_PATHS = NO;
				CLANG_ANALYZER_NONNULL = YES;
				CLANG_ANALYZER_NUMBER_OBJECT_CONVERSION = YES_AGGRESSIVE;
				CLANG_CXX_LANGUAGE_STANDARD = "gnu++0x";
				CLANG_CXX_LIBRARY = "libc++";
				CLANG_ENABLE_MODULES = YES;
				CLANG_ENABLE_OBJC_ARC = YES;
				CLANG_WARN_BOOL_CONVERSION = YES;
				CLANG_WARN_CONSTANT_CONVERSION = YES;
				CLANG_WARN_DIRECT_OBJC_ISA_USAGE = YES_ERROR;
				CLANG_WARN_DOCUMENTATION_COMMENTS = YES;
				CLANG_WARN_EMPTY_BODY = YES;
				CLANG_WARN_ENUM_CONVERSION = YES;
				CLANG_WARN_INFINITE_RECURSION = YES;
				CLANG_WARN_INT_CONVERSION = YES;
				CLANG_WARN_OBJC_ROOT_CLASS = YES_ERROR;
				CLANG_WARN_SUSPICIOUS_MOVE = YES;
				CLANG_WARN_UNREACHABLE_CODE = YES;
				CLANG_WARN__DUPLICATE_METHOD_MATCH = YES;
				"CODE_SIGN_IDENTITY[sdk=iphoneos*]" = "iPhone Developer";
				COPY_PHASE_STRIP = NO;
				DEBUG_INFORMATION_FORMAT = dwarf;
				ENABLE_STRICT_OBJC_MSGSEND = YES;
				ENABLE_TESTABILITY = YES;
				GCC_C_LANGUAGE_STANDARD = gnu99;
				GCC_DYNAMIC_NO_PIC = NO;
				GCC_NO_COMMON_BLOCKS = YES;
				GCC_OPTIMIZATION_LEVEL = 0;
				GCC_PREPROCESSOR_DEFINITIONS = (
					"DEBUG=1",
					"$(inherited)",
				);
				GCC_WARN_64_TO_32_BIT_CONVERSION = YES;
				GCC_WARN_ABOUT_RETURN_TYPE = YES_ERROR;
				GCC_WARN_UNDECLARED_SELECTOR = YES;
				GCC_WARN_UNINITIALIZED_AUTOS = YES_AGGRESSIVE;
				GCC_WARN_UNUSED_FUNCTION = YES;
				GCC_WARN_UNUSED_VARIABLE = YES;
				IPHONEOS_DEPLOYMENT_TARGET = 10.3;
				MTL_ENABLE_DEBUG_INFO = YES;
				ONLY_ACTIVE_ARCH = YES;
				SDKROOT = iphoneos;
			};
			name = Debug;
		};
		923D44831E9BF5CD00F0D227 /* Release */ = {
			isa = XCBuildConfiguration;
			buildSettings = {
				ALWAYS_SEARCH_USER_PATHS = NO;
				CLANG_ANALYZER_NONNULL = YES;
				CLANG_ANALYZER_NUMBER_OBJECT_CONVERSION = YES_AGGRESSIVE;
				CLANG_CXX_LANGUAGE_STANDARD = "gnu++0x";
				CLANG_CXX_LIBRARY = "libc++";
				CLANG_ENABLE_MODULES = YES;
				CLANG_ENABLE_OBJC_ARC = YES;
				CLANG_WARN_BOOL_CONVERSION = YES;
				CLANG_WARN_CONSTANT_CONVERSION = YES;
				CLANG_WARN_DIRECT_OBJC_ISA_USAGE = YES_ERROR;
				CLANG_WARN_DOCUMENTATION_COMMENTS = YES;
				CLANG_WARN_EMPTY_BODY = YES;
				CLANG_WARN_ENUM_CONVERSION = YES;
				CLANG_WARN_INFINITE_RECURSION = YES;
				CLANG_WARN_INT_CONVERSION = YES;
				CLANG_WARN_OBJC_ROOT_CLASS = YES_ERROR;
				CLANG_WARN_SUSPICIOUS_MOVE = YES;
				CLANG_WARN_UNREACHABLE_CODE = YES;
				CLANG_WARN__DUPLICATE_METHOD_MATCH = YES;
				"CODE_SIGN_IDENTITY[sdk=iphoneos*]" = "iPhone Developer";
				COPY_PHASE_STRIP = NO;
				DEBUG_INFORMATION_FORMAT = "dwarf-with-dsym";
				ENABLE_NS_ASSERTIONS = NO;
				ENABLE_STRICT_OBJC_MSGSEND = YES;
				GCC_C_LANGUAGE_STANDARD = gnu99;
				GCC_NO_COMMON_BLOCKS = YES;
				GCC_WARN_64_TO_32_BIT_CONVERSION = YES;
				GCC_WARN_ABOUT_RETURN_TYPE = YES_ERROR;
				GCC_WARN_UNDECLARED_SELECTOR = YES;
				GCC_WARN_UNINITIALIZED_AUTOS = YES_AGGRESSIVE;
				GCC_WARN_UNUSED_FUNCTION = YES;
				GCC_WARN_UNUSED_VARIABLE = YES;
				IPHONEOS_DEPLOYMENT_TARGET = 10.3;
				MTL_ENABLE_DEBUG_INFO = NO;
				SDKROOT = iphoneos;
				VALIDATE_PRODUCT = YES;
			};
			name = Release;
		};
		923D44851E9BF5CD00F0D227 /* Debug */ = {
			isa = XCBuildConfiguration;
			baseConfigurationReference = 4FB40A8E28B551DF5F9B8E55 /* Pods-FilmSearch.debug.xcconfig */;
			buildSettings = {
				ASSETCATALOG_COMPILER_APPICON_NAME = AppIcon;
				CLANG_ENABLE_MODULES = YES;
				DEVELOPMENT_TEAM = 4KQC9K68AM;
				GCC_PREFIX_HEADER = /Users/MSavisko/Documents/Xcode/Work/MEV/FilmSearch/FilmSearch/FilmSearch/SupportingFiles/FSPrefixHeader.pch;
				INFOPLIST_FILE = "$(SRCROOT)/FilmSearch/SupportingFiles/Info.plist";
				IPHONEOS_DEPLOYMENT_TARGET = 9.0;
				LD_RUNPATH_SEARCH_PATHS = "$(inherited) @executable_path/Frameworks";
				PRODUCT_BUNDLE_IDENTIFIER = com.MaksymSavisko.FilmSearch;
				PRODUCT_NAME = "$(TARGET_NAME)";
				SWIFT_OBJC_BRIDGING_HEADER = "FilmSearch-Bridging-Header.h";
				SWIFT_OPTIMIZATION_LEVEL = "-Onone";
				SWIFT_VERSION = 3.0;
			};
			name = Debug;
		};
		923D44861E9BF5CD00F0D227 /* Release */ = {
			isa = XCBuildConfiguration;
			baseConfigurationReference = 22A349788756F1189B2EBD6A /* Pods-FilmSearch.release.xcconfig */;
			buildSettings = {
				ASSETCATALOG_COMPILER_APPICON_NAME = AppIcon;
				CLANG_ENABLE_MODULES = YES;
				DEVELOPMENT_TEAM = 4KQC9K68AM;
				GCC_PREFIX_HEADER = /Users/MSavisko/Documents/Xcode/Work/MEV/FilmSearch/FilmSearch/FilmSearch/SupportingFiles/FSPrefixHeader.pch;
				INFOPLIST_FILE = "$(SRCROOT)/FilmSearch/SupportingFiles/Info.plist";
				IPHONEOS_DEPLOYMENT_TARGET = 9.0;
				LD_RUNPATH_SEARCH_PATHS = "$(inherited) @executable_path/Frameworks";
				PRODUCT_BUNDLE_IDENTIFIER = com.MaksymSavisko.FilmSearch;
				PRODUCT_NAME = "$(TARGET_NAME)";
				SWIFT_OBJC_BRIDGING_HEADER = "FilmSearch-Bridging-Header.h";
				SWIFT_VERSION = 3.0;
			};
			name = Release;
		};
/* End XCBuildConfiguration section */

/* Begin XCConfigurationList section */
		923D44681E9BF5CD00F0D227 /* Build configuration list for PBXProject "FilmSearch" */ = {
			isa = XCConfigurationList;
			buildConfigurations = (
				923D44821E9BF5CD00F0D227 /* Debug */,
				923D44831E9BF5CD00F0D227 /* Release */,
			);
			defaultConfigurationIsVisible = 0;
			defaultConfigurationName = Release;
		};
		923D44841E9BF5CD00F0D227 /* Build configuration list for PBXNativeTarget "FilmSearch" */ = {
			isa = XCConfigurationList;
			buildConfigurations = (
				923D44851E9BF5CD00F0D227 /* Debug */,
				923D44861E9BF5CD00F0D227 /* Release */,
			);
			defaultConfigurationIsVisible = 0;
			defaultConfigurationName = Release;
		};
/* End XCConfigurationList section */

/* Begin XCVersionGroup section */
		923D449D1E9BF85000F0D227 /* FilmSearch.xcdatamodeld */ = {
			isa = XCVersionGroup;
			children = (
				923D449E1E9BF85000F0D227 /* FilmSearch.xcdatamodel */,
			);
			currentVersion = 923D449E1E9BF85000F0D227 /* FilmSearch.xcdatamodel */;
			path = FilmSearch.xcdatamodeld;
			sourceTree = "<group>";
			versionGroupType = wrapper.xcdatamodel;
		};
/* End XCVersionGroup section */
	};
	rootObject = 923D44651E9BF5CD00F0D227 /* Project object */;
}
